// !$*UTF8*$!
{
	archiveVersion = 1;
	classes = {
	};
	objectVersion = 50;
	objects = {

/* Begin PBXBuildFile section */
		A5CC77E823E7BAEC00F99D81 /* AppDelegate.swift in Sources */ = {isa = PBXBuildFile; fileRef = A5CC77E723E7BAEC00F99D81 /* AppDelegate.swift */; };
		A5CC77EA23E7BAEC00F99D81 /* SceneDelegate.swift in Sources */ = {isa = PBXBuildFile; fileRef = A5CC77E923E7BAEC00F99D81 /* SceneDelegate.swift */; };
		A5CC77EC23E7BAEC00F99D81 /* ContentView.swift in Sources */ = {isa = PBXBuildFile; fileRef = A5CC77EB23E7BAEC00F99D81 /* ContentView.swift */; };
		A5CC77EE23E7BAF100F99D81 /* Assets.xcassets in Resources */ = {isa = PBXBuildFile; fileRef = A5CC77ED23E7BAF100F99D81 /* Assets.xcassets */; };
		A5CC77F123E7BAF100F99D81 /* Preview Assets.xcassets in Resources */ = {isa = PBXBuildFile; fileRef = A5CC77F023E7BAF100F99D81 /* Preview Assets.xcassets */; };
		A5CC77F423E7BAF100F99D81 /* LaunchScreen.storyboard in Resources */ = {isa = PBXBuildFile; fileRef = A5CC77F223E7BAF100F99D81 /* LaunchScreen.storyboard */; };
		A5CC77FF23E7BAF100F99D81 /* photoFrameTests.swift in Sources */ = {isa = PBXBuildFile; fileRef = A5CC77FE23E7BAF100F99D81 /* photoFrameTests.swift */; };
/* End PBXBuildFile section */

/* Begin PBXContainerItemProxy section */
		A5CC77FB23E7BAF100F99D81 /* PBXContainerItemProxy */ = {
			isa = PBXContainerItemProxy;
			containerPortal = A5CC77DC23E7BAEC00F99D81 /* Project object */;
			proxyType = 1;
			remoteGlobalIDString = A5CC77E323E7BAEC00F99D81;
			remoteInfo = photoFrame;
		};
/* End PBXContainerItemProxy section */

/* Begin PBXFileReference section */
		A5CC77E423E7BAEC00F99D81 /* photoFrame.app */ = {isa = PBXFileReference; explicitFileType = wrapper.application; includeInIndex = 0; path = photoFrame.app; sourceTree = BUILT_PRODUCTS_DIR; };
		A5CC77E723E7BAEC00F99D81 /* AppDelegate.swift */ = {isa = PBXFileReference; lastKnownFileType = sourcecode.swift; path = AppDelegate.swift; sourceTree = "<group>"; };
		A5CC77E923E7BAEC00F99D81 /* SceneDelegate.swift */ = {isa = PBXFileReference; lastKnownFileType = sourcecode.swift; path = SceneDelegate.swift; sourceTree = "<group>"; };
		A5CC77EB23E7BAEC00F99D81 /* ContentView.swift */ = {isa = PBXFileReference; lastKnownFileType = sourcecode.swift; path = ContentView.swift; sourceTree = "<group>"; };
		A5CC77ED23E7BAF100F99D81 /* Assets.xcassets */ = {isa = PBXFileReference; lastKnownFileType = folder.assetcatalog; path = Assets.xcassets; sourceTree = "<group>"; };
		A5CC77F023E7BAF100F99D81 /* Preview Assets.xcassets */ = {isa = PBXFileReference; lastKnownFileType = folder.assetcatalog; path = "Preview Assets.xcassets"; sourceTree = "<group>"; };
		A5CC77F323E7BAF100F99D81 /* Base */ = {isa = PBXFileReference; lastKnownFileType = file.storyboard; name = Base; path = Base.lproj/LaunchScreen.storyboard; sourceTree = "<group>"; };
		A5CC77F523E7BAF100F99D81 /* Info.plist */ = {isa = PBXFileReference; lastKnownFileType = text.plist.xml; path = Info.plist; sourceTree = "<group>"; };
		A5CC77FA23E7BAF100F99D81 /* photoFrameTests.xctest */ = {isa = PBXFileReference; explicitFileType = wrapper.cfbundle; includeInIndex = 0; path = photoFrameTests.xctest; sourceTree = BUILT_PRODUCTS_DIR; };
		A5CC77FE23E7BAF100F99D81 /* photoFrameTests.swift */ = {isa = PBXFileReference; lastKnownFileType = sourcecode.swift; path = photoFrameTests.swift; sourceTree = "<group>"; };
		A5CC780023E7BAF100F99D81 /* Info.plist */ = {isa = PBXFileReference; lastKnownFileType = text.plist.xml; path = Info.plist; sourceTree = "<group>"; };
/* End PBXFileReference section */

/* Begin PBXFrameworksBuildPhase section */
		A5CC77E123E7BAEC00F99D81 /* Frameworks */ = {
			isa = PBXFrameworksBuildPhase;
			buildActionMask = 2147483647;
			files = (
			);
			runOnlyForDeploymentPostprocessing = 0;
		};
		A5CC77F723E7BAF100F99D81 /* Frameworks */ = {
			isa = PBXFrameworksBuildPhase;
			buildActionMask = 2147483647;
			files = (
			);
			runOnlyForDeploymentPostprocessing = 0;
		};
/* End PBXFrameworksBuildPhase section */

/* Begin PBXGroup section */
		A5CC77DB23E7BAEC00F99D81 = {
			isa = PBXGroup;
			children = (
				A5CC77E623E7BAEC00F99D81 /* photoFrame */,
				A5CC77FD23E7BAF100F99D81 /* photoFrameTests */,
				A5CC77E523E7BAEC00F99D81 /* Products */,
			);
			sourceTree = "<group>";
		};
		A5CC77E523E7BAEC00F99D81 /* Products */ = {
			isa = PBXGroup;
			children = (
				A5CC77E423E7BAEC00F99D81 /* photoFrame.app */,
				A5CC77FA23E7BAF100F99D81 /* photoFrameTests.xctest */,
			);
			name = Products;
			sourceTree = "<group>";
		};
		A5CC77E623E7BAEC00F99D81 /* photoFrame */ = {
			isa = PBXGroup;
			children = (
				A5CC77E723E7BAEC00F99D81 /* AppDelegate.swift */,
				A5CC77E923E7BAEC00F99D81 /* SceneDelegate.swift */,
				A5CC77EB23E7BAEC00F99D81 /* ContentView.swift */,
				A5CC77ED23E7BAF100F99D81 /* Assets.xcassets */,
				A5CC77F223E7BAF100F99D81 /* LaunchScreen.storyboard */,
				A5CC77F523E7BAF100F99D81 /* Info.plist */,
				A5CC77EF23E7BAF100F99D81 /* Preview Content */,
			);
			path = photoFrame;
			sourceTree = "<group>";
		};
		A5CC77EF23E7BAF100F99D81 /* Preview Content */ = {
			isa = PBXGroup;
			children = (
				A5CC77F023E7BAF100F99D81 /* Preview Assets.xcassets */,
			);
			path = "Preview Content";
			sourceTree = "<group>";
		};
		A5CC77FD23E7BAF100F99D81 /* photoFrameTests */ = {
			isa = PBXGroup;
			children = (
				A5CC77FE23E7BAF100F99D81 /* photoFrameTests.swift */,
				A5CC780023E7BAF100F99D81 /* Info.plist */,
			);
			path = photoFrameTests;
			sourceTree = "<group>";
		};
/* End PBXGroup section */

/* Begin PBXNativeTarget section */
		A5CC77E323E7BAEC00F99D81 /* photoFrame */ = {
			isa = PBXNativeTarget;
			buildConfigurationList = A5CC780323E7BAF100F99D81 /* Build configuration list for PBXNativeTarget "photoFrame" */;
			buildPhases = (
				A5CC77E023E7BAEC00F99D81 /* Sources */,
				A5CC77E123E7BAEC00F99D81 /* Frameworks */,
				A5CC77E223E7BAEC00F99D81 /* Resources */,
			);
			buildRules = (
			);
			dependencies = (
			);
			name = photoFrame;
			productName = photoFrame;
			productReference = A5CC77E423E7BAEC00F99D81 /* photoFrame.app */;
			productType = "com.apple.product-type.application";
		};
		A5CC77F923E7BAF100F99D81 /* photoFrameTests */ = {
			isa = PBXNativeTarget;
			buildConfigurationList = A5CC780623E7BAF100F99D81 /* Build configuration list for PBXNativeTarget "photoFrameTests" */;
			buildPhases = (
				A5CC77F623E7BAF100F99D81 /* Sources */,
				A5CC77F723E7BAF100F99D81 /* Frameworks */,
				A5CC77F823E7BAF100F99D81 /* Resources */,
			);
			buildRules = (
			);
			dependencies = (
				A5CC77FC23E7BAF100F99D81 /* PBXTargetDependency */,
			);
			name = photoFrameTests;
			productName = photoFrameTests;
			productReference = A5CC77FA23E7BAF100F99D81 /* photoFrameTests.xctest */;
			productType = "com.apple.product-type.bundle.unit-test";
		};
/* End PBXNativeTarget section */

/* Begin PBXProject section */
		A5CC77DC23E7BAEC00F99D81 /* Project object */ = {
			isa = PBXProject;
			attributes = {
				LastSwiftUpdateCheck = 1130;
				LastUpgradeCheck = 1130;
				ORGANIZATIONNAME = "신한섭";
				TargetAttributes = {
					A5CC77E323E7BAEC00F99D81 = {
						CreatedOnToolsVersion = 11.3.1;
					};
					A5CC77F923E7BAF100F99D81 = {
						CreatedOnToolsVersion = 11.3.1;
						TestTargetID = A5CC77E323E7BAEC00F99D81;
					};
				};
			};
			buildConfigurationList = A5CC77DF23E7BAEC00F99D81 /* Build configuration list for PBXProject "photoFrame" */;
			compatibilityVersion = "Xcode 9.3";
			developmentRegion = en;
			hasScannedForEncodings = 0;
			knownRegions = (
				en,
				Base,
			);
			mainGroup = A5CC77DB23E7BAEC00F99D81;
			productRefGroup = A5CC77E523E7BAEC00F99D81 /* Products */;
			projectDirPath = "";
			projectRoot = "";
			targets = (
				A5CC77E323E7BAEC00F99D81 /* photoFrame */,
				A5CC77F923E7BAF100F99D81 /* photoFrameTests */,
			);
		};
/* End PBXProject section */

/* Begin PBXResourcesBuildPhase section */
		A5CC77E223E7BAEC00F99D81 /* Resources */ = {
			isa = PBXResourcesBuildPhase;
			buildActionMask = 2147483647;
			files = (
				A5CC77F423E7BAF100F99D81 /* LaunchScreen.storyboard in Resources */,
				A5CC77F123E7BAF100F99D81 /* Preview Assets.xcassets in Resources */,
				A5CC77EE23E7BAF100F99D81 /* Assets.xcassets in Resources */,
			);
			runOnlyForDeploymentPostprocessing = 0;
		};
		A5CC77F823E7BAF100F99D81 /* Resources */ = {
			isa = PBXResourcesBuildPhase;
			buildActionMask = 2147483647;
			files = (
			);
			runOnlyForDeploymentPostprocessing = 0;
		};
/* End PBXResourcesBuildPhase section */

/* Begin PBXSourcesBuildPhase section */
		A5CC77E023E7BAEC00F99D81 /* Sources */ = {
			isa = PBXSourcesBuildPhase;
			buildActionMask = 2147483647;
			files = (
				A5CC77E823E7BAEC00F99D81 /* AppDelegate.swift in Sources */,
				A5CC77EA23E7BAEC00F99D81 /* SceneDelegate.swift in Sources */,
				A5CC77EC23E7BAEC00F99D81 /* ContentView.swift in Sources */,
			);
			runOnlyForDeploymentPostprocessing = 0;
		};
		A5CC77F623E7BAF100F99D81 /* Sources */ = {
			isa = PBXSourcesBuildPhase;
			buildActionMask = 2147483647;
			files = (
				A5CC77FF23E7BAF100F99D81 /* photoFrameTests.swift in Sources */,
			);
			runOnlyForDeploymentPostprocessing = 0;
		};
/* End PBXSourcesBuildPhase section */

/* Begin PBXTargetDependency section */
		A5CC77FC23E7BAF100F99D81 /* PBXTargetDependency */ = {
			isa = PBXTargetDependency;
			target = A5CC77E323E7BAEC00F99D81 /* photoFrame */;
			targetProxy = A5CC77FB23E7BAF100F99D81 /* PBXContainerItemProxy */;
		};
/* End PBXTargetDependency section */

/* Begin PBXVariantGroup section */
		A5CC77F223E7BAF100F99D81 /* LaunchScreen.storyboard */ = {
			isa = PBXVariantGroup;
			children = (
				A5CC77F323E7BAF100F99D81 /* Base */,
			);
			name = LaunchScreen.storyboard;
			sourceTree = "<group>";
		};
/* End PBXVariantGroup section */

/* Begin XCBuildConfiguration section */
		A5CC780123E7BAF100F99D81 /* Debug */ = {
			isa = XCBuildConfiguration;
			buildSettings = {
				ALWAYS_SEARCH_USER_PATHS = NO;
				CLANG_ANALYZER_NONNULL = YES;
				CLANG_ANALYZER_NUMBER_OBJECT_CONVERSION = YES_AGGRESSIVE;
				CLANG_CXX_LANGUAGE_STANDARD = "gnu++14";
				CLANG_CXX_LIBRARY = "libc++";
				CLANG_ENABLE_MODULES = YES;
				CLANG_ENABLE_OBJC_ARC = YES;
				CLANG_ENABLE_OBJC_WEAK = YES;
				CLANG_WARN_BLOCK_CAPTURE_AUTORELEASING = YES;
				CLANG_WARN_BOOL_CONVERSION = YES;
				CLANG_WARN_COMMA = YES;
				CLANG_WARN_CONSTANT_CONVERSION = YES;
				CLANG_WARN_DEPRECATED_OBJC_IMPLEMENTATIONS = YES;
				CLANG_WARN_DIRECT_OBJC_ISA_USAGE = YES_ERROR;
				CLANG_WARN_DOCUMENTATION_COMMENTS = YES;
				CLANG_WARN_EMPTY_BODY = YES;
				CLANG_WARN_ENUM_CONVERSION = YES;
				CLANG_WARN_INFINITE_RECURSION = YES;
				CLANG_WARN_INT_CONVERSION = YES;
				CLANG_WARN_NON_LITERAL_NULL_CONVERSION = YES;
				CLANG_WARN_OBJC_IMPLICIT_RETAIN_SELF = YES;
				CLANG_WARN_OBJC_LITERAL_CONVERSION = YES;
				CLANG_WARN_OBJC_ROOT_CLASS = YES_ERROR;
				CLANG_WARN_RANGE_LOOP_ANALYSIS = YES;
				CLANG_WARN_STRICT_PROTOTYPES = YES;
				CLANG_WARN_SUSPICIOUS_MOVE = YES;
				CLANG_WARN_UNGUARDED_AVAILABILITY = YES_AGGRESSIVE;
				CLANG_WARN_UNREACHABLE_CODE = YES;
				CLANG_WARN__DUPLICATE_METHOD_MATCH = YES;
				COPY_PHASE_STRIP = NO;
				DEBUG_INFORMATION_FORMAT = dwarf;
				ENABLE_STRICT_OBJC_MSGSEND = YES;
				ENABLE_TESTABILITY = YES;
				GCC_C_LANGUAGE_STANDARD = gnu11;
				GCC_DYNAMIC_NO_PIC = NO;
				GCC_NO_COMMON_BLOCKS = YES;
				GCC_OPTIMIZATION_LEVEL = 0;
				GCC_PREPROCESSOR_DEFINITIONS = (
					"DEBUG=1",
					"$(inherited)",
				);
				GCC_WARN_64_TO_32_BIT_CONVERSION = YES;
				GCC_WARN_ABOUT_RETURN_TYPE = YES_ERROR;
				GCC_WARN_UNDECLARED_SELECTOR = YES;
				GCC_WARN_UNINITIALIZED_AUTOS = YES_AGGRESSIVE;
				GCC_WARN_UNUSED_FUNCTION = YES;
				GCC_WARN_UNUSED_VARIABLE = YES;
				IPHONEOS_DEPLOYMENT_TARGET = 13.2;
				MTL_ENABLE_DEBUG_INFO = INCLUDE_SOURCE;
				MTL_FAST_MATH = YES;
				ONLY_ACTIVE_ARCH = YES;
				SDKROOT = iphoneos;
				SWIFT_ACTIVE_COMPILATION_CONDITIONS = DEBUG;
				SWIFT_OPTIMIZATION_LEVEL = "-Onone";
			};
			name = Debug;
		};
		A5CC780223E7BAF100F99D81 /* Release */ = {
			isa = XCBuildConfiguration;
			buildSettings = {
				ALWAYS_SEARCH_USER_PATHS = NO;
				CLANG_ANALYZER_NONNULL = YES;
				CLANG_ANALYZER_NUMBER_OBJECT_CONVERSION = YES_AGGRESSIVE;
				CLANG_CXX_LANGUAGE_STANDARD = "gnu++14";
				CLANG_CXX_LIBRARY = "libc++";
				CLANG_ENABLE_MODULES = YES;
				CLANG_ENABLE_OBJC_ARC = YES;
				CLANG_ENABLE_OBJC_WEAK = YES;
				CLANG_WARN_BLOCK_CAPTURE_AUTORELEASING = YES;
				CLANG_WARN_BOOL_CONVERSION = YES;
				CLANG_WARN_COMMA = YES;
				CLANG_WARN_CONSTANT_CONVERSION = YES;
				CLANG_WARN_DEPRECATED_OBJC_IMPLEMENTATIONS = YES;
				CLANG_WARN_DIRECT_OBJC_ISA_USAGE = YES_ERROR;
				CLANG_WARN_DOCUMENTATION_COMMENTS = YES;
				CLANG_WARN_EMPTY_BODY = YES;
				CLANG_WARN_ENUM_CONVERSION = YES;
				CLANG_WARN_INFINITE_RECURSION = YES;
				CLANG_WARN_INT_CONVERSION = YES;
				CLANG_WARN_NON_LITERAL_NULL_CONVERSION = YES;
				CLANG_WARN_OBJC_IMPLICIT_RETAIN_SELF = YES;
				CLANG_WARN_OBJC_LITERAL_CONVERSION = YES;
				CLANG_WARN_OBJC_ROOT_CLASS = YES_ERROR;
				CLANG_WARN_RANGE_LOOP_ANALYSIS = YES;
				CLANG_WARN_STRICT_PROTOTYPES = YES;
				CLANG_WARN_SUSPICIOUS_MOVE = YES;
				CLANG_WARN_UNGUARDED_AVAILABILITY = YES_AGGRESSIVE;
				CLANG_WARN_UNREACHABLE_CODE = YES;
				CLANG_WARN__DUPLICATE_METHOD_MATCH = YES;
				COPY_PHASE_STRIP = NO;
				DEBUG_INFORMATION_FORMAT = "dwarf-with-dsym";
				ENABLE_NS_ASSERTIONS = NO;
				ENABLE_STRICT_OBJC_MSGSEND = YES;
				GCC_C_LANGUAGE_STANDARD = gnu11;
				GCC_NO_COMMON_BLOCKS = YES;
				GCC_WARN_64_TO_32_BIT_CONVERSION = YES;
				GCC_WARN_ABOUT_RETURN_TYPE = YES_ERROR;
				GCC_WARN_UNDECLARED_SELECTOR = YES;
				GCC_WARN_UNINITIALIZED_AUTOS = YES_AGGRESSIVE;
				GCC_WARN_UNUSED_FUNCTION = YES;
				GCC_WARN_UNUSED_VARIABLE = YES;
				IPHONEOS_DEPLOYMENT_TARGET = 13.2;
				MTL_ENABLE_DEBUG_INFO = NO;
				MTL_FAST_MATH = YES;
				SDKROOT = iphoneos;
				SWIFT_COMPILATION_MODE = wholemodule;
				SWIFT_OPTIMIZATION_LEVEL = "-O";
				VALIDATE_PRODUCT = YES;
			};
			name = Release;
		};
		A5CC780423E7BAF100F99D81 /* Debug */ = {
			isa = XCBuildConfiguration;
			buildSettings = {
				ASSETCATALOG_COMPILER_APPICON_NAME = AppIcon;
				CODE_SIGN_STYLE = Automatic;
				DEVELOPMENT_ASSET_PATHS = "\"photoFrame/Preview Content\"";
				DEVELOPMENT_TEAM = 735P3R8MUU;
				ENABLE_PREVIEWS = YES;
				INFOPLIST_FILE = photoFrame/Info.plist;
				LD_RUNPATH_SEARCH_PATHS = (
					"$(inherited)",
					"@executable_path/Frameworks",
				);
				PRODUCT_BUNDLE_IDENTIFIER = hanseop.photoFrame;
				PRODUCT_NAME = "$(TARGET_NAME)";
				SWIFT_VERSION = 5.0;
				TARGETED_DEVICE_FAMILY = "1,2";
			};
			name = Debug;
		};
		A5CC780523E7BAF100F99D81 /* Release */ = {
			isa = XCBuildConfiguration;
			buildSettings = {
				ASSETCATALOG_COMPILER_APPICON_NAME = AppIcon;
				CODE_SIGN_STYLE = Automatic;
				DEVELOPMENT_ASSET_PATHS = "\"photoFrame/Preview Content\"";
				DEVELOPMENT_TEAM = 735P3R8MUU;
				ENABLE_PREVIEWS = YES;
				INFOPLIST_FILE = photoFrame/Info.plist;
				LD_RUNPATH_SEARCH_PATHS = (
					"$(inherited)",
					"@executable_path/Frameworks",
				);
				PRODUCT_BUNDLE_IDENTIFIER = hanseop.photoFrame;
				PRODUCT_NAME = "$(TARGET_NAME)";
				SWIFT_VERSION = 5.0;
				TARGETED_DEVICE_FAMILY = "1,2";
			};
			name = Release;
		};
		A5CC780723E7BAF100F99D81 /* Debug */ = {
			isa = XCBuildConfiguration;
			buildSettings = {
				ALWAYS_EMBED_SWIFT_STANDARD_LIBRARIES = YES;
				BUNDLE_LOADER = "$(TEST_HOST)";
				CODE_SIGN_STYLE = Automatic;
				DEVELOPMENT_TEAM = 735P3R8MUU;
				INFOPLIST_FILE = photoFrameTests/Info.plist;
				IPHONEOS_DEPLOYMENT_TARGET = 13.2;
				LD_RUNPATH_SEARCH_PATHS = (
					"$(inherited)",
					"@executable_path/Frameworks",
					"@loader_path/Frameworks",
				);
				PRODUCT_BUNDLE_IDENTIFIER = hanseop.photoFrameTests;
				PRODUCT_NAME = "$(TARGET_NAME)";
				SWIFT_VERSION = 5.0;
				TARGETED_DEVICE_FAMILY = "1,2";
				TEST_HOST = "$(BUILT_PRODUCTS_DIR)/photoFrame.app/photoFrame";
			};
			name = Debug;
		};
		A5CC780823E7BAF100F99D81 /* Release */ = {
			isa = XCBuildConfiguration;
			buildSettings = {
				ALWAYS_EMBED_SWIFT_STANDARD_LIBRARIES = YES;
				BUNDLE_LOADER = "$(TEST_HOST)";
				CODE_SIGN_STYLE = Automatic;
				DEVELOPMENT_TEAM = 735P3R8MUU;
				INFOPLIST_FILE = photoFrameTests/Info.plist;
				IPHONEOS_DEPLOYMENT_TARGET = 13.2;
				LD_RUNPATH_SEARCH_PATHS = (
					"$(inherited)",
					"@executable_path/Frameworks",
					"@loader_path/Frameworks",
				);
				PRODUCT_BUNDLE_IDENTIFIER = hanseop.photoFrameTests;
				PRODUCT_NAME = "$(TARGET_NAME)";
				SWIFT_VERSION = 5.0;
				TARGETED_DEVICE_FAMILY = "1,2";
				TEST_HOST = "$(BUILT_PRODUCTS_DIR)/photoFrame.app/photoFrame";
			};
			name = Release;
		};
/* End XCBuildConfiguration section */

/* Begin XCConfigurationList section */
		A5CC77DF23E7BAEC00F99D81 /* Build configuration list for PBXProject "photoFrame" */ = {
			isa = XCConfigurationList;
			buildConfigurations = (
				A5CC780123E7BAF100F99D81 /* Debug */,
				A5CC780223E7BAF100F99D81 /* Release */,
			);
			defaultConfigurationIsVisible = 0;
			defaultConfigurationName = Release;
		};
		A5CC780323E7BAF100F99D81 /* Build configuration list for PBXNativeTarget "photoFrame" */ = {
			isa = XCConfigurationList;
			buildConfigurations = (
				A5CC780423E7BAF100F99D81 /* Debug */,
				A5CC780523E7BAF100F99D81 /* Release */,
			);
			defaultConfigurationIsVisible = 0;
			defaultConfigurationName = Release;
		};
		A5CC780623E7BAF100F99D81 /* Build configuration list for PBXNativeTarget "photoFrameTests" */ = {
			isa = XCConfigurationList;
			buildConfigurations = (
				A5CC780723E7BAF100F99D81 /* Debug */,
				A5CC780823E7BAF100F99D81 /* Release */,
			);
			defaultConfigurationIsVisible = 0;
			defaultConfigurationName = Release;
		};
/* End XCConfigurationList section */
	};
	rootObject = A5CC77DC23E7BAEC00F99D81 /* Project object */;
}
