// !$*UTF8*$!
{
	archiveVersion = 1;
	classes = {
	};
	objectVersion = 50;
	objects = {

/* Begin PBXBuildFile section */
		866818B325D40BA600C70C67 /* AppDelegate.swift in Sources */ = {isa = PBXBuildFile; fileRef = 866818B225D40BA600C70C67 /* AppDelegate.swift */; };
		866818B525D40BA600C70C67 /* SceneDelegate.swift in Sources */ = {isa = PBXBuildFile; fileRef = 866818B425D40BA600C70C67 /* SceneDelegate.swift */; };
		866818B725D40BA600C70C67 /* PhotoFrameViewController.swift in Sources */ = {isa = PBXBuildFile; fileRef = 866818B625D40BA600C70C67 /* PhotoFrameViewController.swift */; };
		866818BA25D40BA600C70C67 /* Main.storyboard in Resources */ = {isa = PBXBuildFile; fileRef = 866818B825D40BA600C70C67 /* Main.storyboard */; };
		866818BC25D40BA700C70C67 /* Assets.xcassets in Resources */ = {isa = PBXBuildFile; fileRef = 866818BB25D40BA700C70C67 /* Assets.xcassets */; };
		866818BF25D40BA700C70C67 /* LaunchScreen.storyboard in Resources */ = {isa = PBXBuildFile; fileRef = 866818BD25D40BA700C70C67 /* LaunchScreen.storyboard */; };
/* End PBXBuildFile section */

/* Begin PBXFileReference section */
		866818AF25D40BA600C70C67 /* photoframe.app */ = {isa = PBXFileReference; explicitFileType = wrapper.application; includeInIndex = 0; path = photoframe.app; sourceTree = BUILT_PRODUCTS_DIR; };
		866818B225D40BA600C70C67 /* AppDelegate.swift */ = {isa = PBXFileReference; lastKnownFileType = sourcecode.swift; path = AppDelegate.swift; sourceTree = "<group>"; };
		866818B425D40BA600C70C67 /* SceneDelegate.swift */ = {isa = PBXFileReference; lastKnownFileType = sourcecode.swift; path = SceneDelegate.swift; sourceTree = "<group>"; };
		866818B625D40BA600C70C67 /* PhotoFrameViewController.swift */ = {isa = PBXFileReference; lastKnownFileType = sourcecode.swift; path = PhotoFrameViewController.swift; sourceTree = "<group>"; };
		866818B925D40BA600C70C67 /* Base */ = {isa = PBXFileReference; lastKnownFileType = file.storyboard; name = Base; path = Base.lproj/Main.storyboard; sourceTree = "<group>"; };
		866818BB25D40BA700C70C67 /* Assets.xcassets */ = {isa = PBXFileReference; lastKnownFileType = folder.assetcatalog; path = Assets.xcassets; sourceTree = "<group>"; };
		866818BE25D40BA700C70C67 /* Base */ = {isa = PBXFileReference; lastKnownFileType = file.storyboard; name = Base; path = Base.lproj/LaunchScreen.storyboard; sourceTree = "<group>"; };
		866818C025D40BA700C70C67 /* Info.plist */ = {isa = PBXFileReference; lastKnownFileType = text.plist.xml; path = Info.plist; sourceTree = "<group>"; };
/* End PBXFileReference section */

/* Begin PBXFrameworksBuildPhase section */
		866818AC25D40BA600C70C67 /* Frameworks */ = {
			isa = PBXFrameworksBuildPhase;
			buildActionMask = 2147483647;
			files = (
			);
			runOnlyForDeploymentPostprocessing = 0;
		};
/* End PBXFrameworksBuildPhase section */

/* Begin PBXGroup section */
		866818A625D40BA600C70C67 = {
			isa = PBXGroup;
			children = (
				866818B125D40BA600C70C67 /* photoframe */,
				866818B025D40BA600C70C67 /* Products */,
			);
			sourceTree = "<group>";
		};
		866818B025D40BA600C70C67 /* Products */ = {
			isa = PBXGroup;
			children = (
				866818AF25D40BA600C70C67 /* photoframe.app */,
			);
			name = Products;
			sourceTree = "<group>";
		};
		866818B125D40BA600C70C67 /* photoframe */ = {
			isa = PBXGroup;
			children = (
				866818B225D40BA600C70C67 /* AppDelegate.swift */,
				866818B425D40BA600C70C67 /* SceneDelegate.swift */,
				866818B625D40BA600C70C67 /* PhotoFrameViewController.swift */,
				866818B825D40BA600C70C67 /* Main.storyboard */,
				866818BB25D40BA700C70C67 /* Assets.xcassets */,
				866818BD25D40BA700C70C67 /* LaunchScreen.storyboard */,
				866818C025D40BA700C70C67 /* Info.plist */,
			);
			path = photoframe;
			sourceTree = "<group>";
		};
/* End PBXGroup section */

/* Begin PBXNativeTarget section */
		866818AE25D40BA600C70C67 /* photoframe */ = {
			isa = PBXNativeTarget;
			buildConfigurationList = 866818C325D40BA700C70C67 /* Build configuration list for PBXNativeTarget "photoframe" */;
			buildPhases = (
				866818AB25D40BA600C70C67 /* Sources */,
				866818AC25D40BA600C70C67 /* Frameworks */,
				866818AD25D40BA600C70C67 /* Resources */,
			);
			buildRules = (
			);
			dependencies = (
			);
			name = photoframe;
			productName = photoframe;
			productReference = 866818AF25D40BA600C70C67 /* photoframe.app */;
			productType = "com.apple.product-type.application";
		};
/* End PBXNativeTarget section */

/* Begin PBXProject section */
		866818A725D40BA600C70C67 /* Project object */ = {
			isa = PBXProject;
			attributes = {
				LastSwiftUpdateCheck = 1230;
				LastUpgradeCheck = 1230;
				TargetAttributes = {
					866818AE25D40BA600C70C67 = {
						CreatedOnToolsVersion = 12.3;
					};
				};
			};
			buildConfigurationList = 866818AA25D40BA600C70C67 /* Build configuration list for PBXProject "photoframe" */;
			compatibilityVersion = "Xcode 9.3";
			developmentRegion = en;
			hasScannedForEncodings = 0;
			knownRegions = (
				en,
				Base,
			);
			mainGroup = 866818A625D40BA600C70C67;
			productRefGroup = 866818B025D40BA600C70C67 /* Products */;
			projectDirPath = "";
			projectRoot = "";
			targets = (
				866818AE25D40BA600C70C67 /* photoframe */,
			);
		};
/* End PBXProject section */

/* Begin PBXResourcesBuildPhase section */
		866818AD25D40BA600C70C67 /* Resources */ = {
			isa = PBXResourcesBuildPhase;
			buildActionMask = 2147483647;
			files = (
				866818BF25D40BA700C70C67 /* LaunchScreen.storyboard in Resources */,
				866818BC25D40BA700C70C67 /* Assets.xcassets in Resources */,
				866818BA25D40BA600C70C67 /* Main.storyboard in Resources */,
			);
			runOnlyForDeploymentPostprocessing = 0;
		};
/* End PBXResourcesBuildPhase section */

/* Begin PBXSourcesBuildPhase section */
		866818AB25D40BA600C70C67 /* Sources */ = {
			isa = PBXSourcesBuildPhase;
			buildActionMask = 2147483647;
			files = (
				866818B725D40BA600C70C67 /* PhotoFrameViewController.swift in Sources */,
				866818B325D40BA600C70C67 /* AppDelegate.swift in Sources */,
				866818B525D40BA600C70C67 /* SceneDelegate.swift in Sources */,
			);
			runOnlyForDeploymentPostprocessing = 0;
		};
/* End PBXSourcesBuildPhase section */

/* Begin PBXVariantGroup section */
		866818B825D40BA600C70C67 /* Main.storyboard */ = {
			isa = PBXVariantGroup;
			children = (
				866818B925D40BA600C70C67 /* Base */,
			);
			name = Main.storyboard;
			sourceTree = "<group>";
		};
		866818BD25D40BA700C70C67 /* LaunchScreen.storyboard */ = {
			isa = PBXVariantGroup;
			children = (
				866818BE25D40BA700C70C67 /* Base */,
			);
			name = LaunchScreen.storyboard;
			sourceTree = "<group>";
		};
/* End PBXVariantGroup section */

/* Begin XCBuildConfiguration section */
		866818C125D40BA700C70C67 /* Debug */ = {
			isa = XCBuildConfiguration;
			buildSettings = {
				ALWAYS_SEARCH_USER_PATHS = NO;
				CLANG_ANALYZER_NONNULL = YES;
				CLANG_ANALYZER_NUMBER_OBJECT_CONVERSION = YES_AGGRESSIVE;
				CLANG_CXX_LANGUAGE_STANDARD = "gnu++14";
				CLANG_CXX_LIBRARY = "libc++";
				CLANG_ENABLE_MODULES = YES;
				CLANG_ENABLE_OBJC_ARC = YES;
				CLANG_ENABLE_OBJC_WEAK = YES;
				CLANG_WARN_BLOCK_CAPTURE_AUTORELEASING = YES;
				CLANG_WARN_BOOL_CONVERSION = YES;
				CLANG_WARN_COMMA = YES;
				CLANG_WARN_CONSTANT_CONVERSION = YES;
				CLANG_WARN_DEPRECATED_OBJC_IMPLEMENTATIONS = YES;
				CLANG_WARN_DIRECT_OBJC_ISA_USAGE = YES_ERROR;
				CLANG_WARN_DOCUMENTATION_COMMENTS = YES;
				CLANG_WARN_EMPTY_BODY = YES;
				CLANG_WARN_ENUM_CONVERSION = YES;
				CLANG_WARN_INFINITE_RECURSION = YES;
				CLANG_WARN_INT_CONVERSION = YES;
				CLANG_WARN_NON_LITERAL_NULL_CONVERSION = YES;
				CLANG_WARN_OBJC_IMPLICIT_RETAIN_SELF = YES;
				CLANG_WARN_OBJC_LITERAL_CONVERSION = YES;
				CLANG_WARN_OBJC_ROOT_CLASS = YES_ERROR;
				CLANG_WARN_QUOTED_INCLUDE_IN_FRAMEWORK_HEADER = YES;
				CLANG_WARN_RANGE_LOOP_ANALYSIS = YES;
				CLANG_WARN_STRICT_PROTOTYPES = YES;
				CLANG_WARN_SUSPICIOUS_MOVE = YES;
				CLANG_WARN_UNGUARDED_AVAILABILITY = YES_AGGRESSIVE;
				CLANG_WARN_UNREACHABLE_CODE = YES;
				CLANG_WARN__DUPLICATE_METHOD_MATCH = YES;
				COPY_PHASE_STRIP = NO;
				DEBUG_INFORMATION_FORMAT = dwarf;
				ENABLE_STRICT_OBJC_MSGSEND = YES;
				ENABLE_TESTABILITY = YES;
				GCC_C_LANGUAGE_STANDARD = gnu11;
				GCC_DYNAMIC_NO_PIC = NO;
				GCC_NO_COMMON_BLOCKS = YES;
				GCC_OPTIMIZATION_LEVEL = 0;
				GCC_PREPROCESSOR_DEFINITIONS = (
					"DEBUG=1",
					"$(inherited)",
				);
				GCC_WARN_64_TO_32_BIT_CONVERSION = YES;
				GCC_WARN_ABOUT_RETURN_TYPE = YES_ERROR;
				GCC_WARN_UNDECLARED_SELECTOR = YES;
				GCC_WARN_UNINITIALIZED_AUTOS = YES_AGGRESSIVE;
				GCC_WARN_UNUSED_FUNCTION = YES;
				GCC_WARN_UNUSED_VARIABLE = YES;
				IPHONEOS_DEPLOYMENT_TARGET = 14.3;
				MTL_ENABLE_DEBUG_INFO = INCLUDE_SOURCE;
				MTL_FAST_MATH = YES;
				ONLY_ACTIVE_ARCH = YES;
				SDKROOT = iphoneos;
				SWIFT_ACTIVE_COMPILATION_CONDITIONS = DEBUG;
				SWIFT_OPTIMIZATION_LEVEL = "-Onone";
			};
			name = Debug;
		};
		866818C225D40BA700C70C67 /* Release */ = {
			isa = XCBuildConfiguration;
			buildSettings = {
				ALWAYS_SEARCH_USER_PATHS = NO;
				CLANG_ANALYZER_NONNULL = YES;
				CLANG_ANALYZER_NUMBER_OBJECT_CONVERSION = YES_AGGRESSIVE;
				CLANG_CXX_LANGUAGE_STANDARD = "gnu++14";
				CLANG_CXX_LIBRARY = "libc++";
				CLANG_ENABLE_MODULES = YES;
				CLANG_ENABLE_OBJC_ARC = YES;
				CLANG_ENABLE_OBJC_WEAK = YES;
				CLANG_WARN_BLOCK_CAPTURE_AUTORELEASING = YES;
				CLANG_WARN_BOOL_CONVERSION = YES;
				CLANG_WARN_COMMA = YES;
				CLANG_WARN_CONSTANT_CONVERSION = YES;
				CLANG_WARN_DEPRECATED_OBJC_IMPLEMENTATIONS = YES;
				CLANG_WARN_DIRECT_OBJC_ISA_USAGE = YES_ERROR;
				CLANG_WARN_DOCUMENTATION_COMMENTS = YES;
				CLANG_WARN_EMPTY_BODY = YES;
				CLANG_WARN_ENUM_CONVERSION = YES;
				CLANG_WARN_INFINITE_RECURSION = YES;
				CLANG_WARN_INT_CONVERSION = YES;
				CLANG_WARN_NON_LITERAL_NULL_CONVERSION = YES;
				CLANG_WARN_OBJC_IMPLICIT_RETAIN_SELF = YES;
				CLANG_WARN_OBJC_LITERAL_CONVERSION = YES;
				CLANG_WARN_OBJC_ROOT_CLASS = YES_ERROR;
				CLANG_WARN_QUOTED_INCLUDE_IN_FRAMEWORK_HEADER = YES;
				CLANG_WARN_RANGE_LOOP_ANALYSIS = YES;
				CLANG_WARN_STRICT_PROTOTYPES = YES;
				CLANG_WARN_SUSPICIOUS_MOVE = YES;
				CLANG_WARN_UNGUARDED_AVAILABILITY = YES_AGGRESSIVE;
				CLANG_WARN_UNREACHABLE_CODE = YES;
				CLANG_WARN__DUPLICATE_METHOD_MATCH = YES;
				COPY_PHASE_STRIP = NO;
				DEBUG_INFORMATION_FORMAT = "dwarf-with-dsym";
				ENABLE_NS_ASSERTIONS = NO;
				ENABLE_STRICT_OBJC_MSGSEND = YES;
				GCC_C_LANGUAGE_STANDARD = gnu11;
				GCC_NO_COMMON_BLOCKS = YES;
				GCC_WARN_64_TO_32_BIT_CONVERSION = YES;
				GCC_WARN_ABOUT_RETURN_TYPE = YES_ERROR;
				GCC_WARN_UNDECLARED_SELECTOR = YES;
				GCC_WARN_UNINITIALIZED_AUTOS = YES_AGGRESSIVE;
				GCC_WARN_UNUSED_FUNCTION = YES;
				GCC_WARN_UNUSED_VARIABLE = YES;
				IPHONEOS_DEPLOYMENT_TARGET = 14.3;
				MTL_ENABLE_DEBUG_INFO = NO;
				MTL_FAST_MATH = YES;
				SDKROOT = iphoneos;
				SWIFT_COMPILATION_MODE = wholemodule;
				SWIFT_OPTIMIZATION_LEVEL = "-O";
				VALIDATE_PRODUCT = YES;
			};
			name = Release;
		};
		866818C425D40BA700C70C67 /* Debug */ = {
			isa = XCBuildConfiguration;
			buildSettings = {
				ASSETCATALOG_COMPILER_APPICON_NAME = AppIcon;
				ASSETCATALOG_COMPILER_GLOBAL_ACCENT_COLOR_NAME = AccentColor;
				CODE_SIGN_STYLE = Automatic;
				DEVELOPMENT_TEAM = N74L5DV26F;
				INFOPLIST_FILE = photoframe/Info.plist;
				LD_RUNPATH_SEARCH_PATHS = (
					"$(inherited)",
					"@executable_path/Frameworks",
				);
				PRODUCT_BUNDLE_IDENTIFIER = "chunhee.han-outlook.com.photoframe";
				PRODUCT_NAME = "$(TARGET_NAME)";
				SWIFT_VERSION = 5.0;
				TARGETED_DEVICE_FAMILY = "1,2";
			};
			name = Debug;
		};
		866818C525D40BA700C70C67 /* Release */ = {
			isa = XCBuildConfiguration;
			buildSettings = {
				ASSETCATALOG_COMPILER_APPICON_NAME = AppIcon;
				ASSETCATALOG_COMPILER_GLOBAL_ACCENT_COLOR_NAME = AccentColor;
				CODE_SIGN_STYLE = Automatic;
				DEVELOPMENT_TEAM = N74L5DV26F;
				INFOPLIST_FILE = photoframe/Info.plist;
				LD_RUNPATH_SEARCH_PATHS = (
					"$(inherited)",
					"@executable_path/Frameworks",
				);
				PRODUCT_BUNDLE_IDENTIFIER = "chunhee.han-outlook.com.photoframe";
				PRODUCT_NAME = "$(TARGET_NAME)";
				SWIFT_VERSION = 5.0;
				TARGETED_DEVICE_FAMILY = "1,2";
			};
			name = Release;
		};
/* End XCBuildConfiguration section */

/* Begin XCConfigurationList section */
		866818AA25D40BA600C70C67 /* Build configuration list for PBXProject "photoframe" */ = {
			isa = XCConfigurationList;
			buildConfigurations = (
				866818C125D40BA700C70C67 /* Debug */,
				866818C225D40BA700C70C67 /* Release */,
			);
			defaultConfigurationIsVisible = 0;
			defaultConfigurationName = Release;
		};
		866818C325D40BA700C70C67 /* Build configuration list for PBXNativeTarget "photoframe" */ = {
			isa = XCConfigurationList;
			buildConfigurations = (
				866818C425D40BA700C70C67 /* Debug */,
				866818C525D40BA700C70C67 /* Release */,
			);
			defaultConfigurationIsVisible = 0;
			defaultConfigurationName = Release;
		};
/* End XCConfigurationList section */
	};
	rootObject = 866818A725D40BA600C70C67 /* Project object */;
}
